{
  "name": "cascades-sdk",
  "lockfileVersion": 3,
  "requires": true,
  "packages": {
    "": {
      "name": "cascades-sdk",
      "workspaces": [
        "packages/cascades-sdk"
      ]
    },
    "node_modules/@noirstack/cascades-sdk": {
      "resolved": "packages/cascades-sdk",
      "link": true
    },
    "packages/cascades-sdk": {
      "name": "@noirstack/cascades-sdk",
      "version": "1.0.0",
      "license": "BUSL-1.1"
    }
  }
}
